# This file is generated by running "yarn install" inside your project.
# Manual changes might be lost - proceed with caution!

__metadata:
  version: 5
  cacheKey: 8

"@tsconfig/node14@npm:^1.0.1":
  version: 1.0.1
  resolution: "@tsconfig/node14@npm:1.0.1"
  checksum: 976345e896c0f059867f94f8d0f6ddb8b1844fb62bf36b727de8a9a68f024857e5db97ed51d3325e23e0616a5e48c034ff51a8d595b3fe7e955f3587540489be
  languageName: node
  linkType: hard

"@types/deep-extend@npm:^0.4.32":
  version: 0.4.32
  resolution: "@types/deep-extend@npm:0.4.32"
  checksum: 81865a51bc302d11a18ba0ddce3537d30cb9ecdf8b212b0bdf75f1156b2d01af5f7762f74bc3be24092ec1664b27ae4b07deb19c263f6472d83fffc7381d2c79
  languageName: node
  linkType: hard

"@types/ini@npm:^1.3.31":
  version: 1.3.31
  resolution: "@types/ini@npm:1.3.31"
  checksum: aca4fed0cd68f6693fd64e1b7d188a9c8c6f5823b2e3501b0570135555d4184d7d0dfba2c1afb3514c94cb21ece732f4467ea98c827d1b1b98716827ac9de680
  languageName: node
  linkType: hard

"@types/minimist@npm:^1.2.2":
  version: 1.2.2
  resolution: "@types/minimist@npm:1.2.2"
  checksum: b8da83c66eb4aac0440e64674b19564d9d86c80ae273144db9681e5eeff66f238ade9515f5006ffbfa955ceff8b89ad2bd8ec577d7caee74ba101431fb07045d
  languageName: node
  linkType: hard

"@types/node@npm:^17.0.10":
  version: 17.0.10
  resolution: "@types/node@npm:17.0.10"
  checksum: 979e83d642a2b4f18fa1a4233f884822c05abc7acd0836024aa964187f8446432b21f7913e72fe2b3927c4a811c27a0b6cd60ac7c4ac6a6762cfbab70782aa6a
  languageName: node
  linkType: hard

"@types/strip-json-comments@npm:^3.0.0":
  version: 3.0.0
  resolution: "@types/strip-json-comments@npm:3.0.0"
  dependencies:
    strip-json-comments: "*"
  checksum: f9dbe2916f776960394366ba02f3f8502932a95209a245fc87cc7029cc5e74b7a5d44b1488e93c8a84d230457dd50e2bc6a9329c0f39debbc7cc7d384c8c672c
  languageName: node
  linkType: hard

"deep-extend@npm:^0.6.0":
  version: 0.6.0
  resolution: "deep-extend@npm:0.6.0"
  checksum: 7be7e5a8d468d6b10e6a67c3de828f55001b6eb515d014f7aeb9066ce36bd5717161eb47d6a0f7bed8a9083935b465bc163ee2581c8b128d29bf61092fdf57a7
  languageName: node
  linkType: hard

"ini@npm:~1.3.0":
  version: 1.3.8
  resolution: "ini@npm:1.3.8"
  checksum: dfd98b0ca3a4fc1e323e38a6c8eb8936e31a97a918d3b377649ea15bdb15d481207a0dda1021efbd86b464cae29a0d33c1d7dcaf6c5672bee17fa849bc50a1b3
  languageName: node
  linkType: hard

"minimist@npm:^1.2.0":
  version: 1.2.5
  resolution: "minimist@npm:1.2.5"
  checksum: 86706ce5b36c16bfc35c5fe3dbb01d5acdc9a22f2b6cc810b6680656a1d2c0e44a0159c9a3ba51fb072bb5c203e49e10b51dcd0eec39c481f4c42086719bae52
  languageName: node
  linkType: hard

"rc@workspace:.":
  version: 0.0.0-use.local
  resolution: "rc@workspace:."
  dependencies:
    "@tsconfig/node14": ^1.0.1
    "@types/deep-extend": ^0.4.32
    "@types/ini": ^1.3.31
    "@types/minimist": ^1.2.2
    "@types/node": ^17.0.10
    "@types/strip-json-comments": ^3.0.0
    deep-extend: ^0.6.0
    ini: ~1.3.0
    minimist: ^1.2.0
    strip-json-comments: ~2.0.1
    typescript: ^4.5.4
  bin:
    rc: ./cli.js
  languageName: unknown
  linkType: soft

"strip-json-comments@npm:*":
  version: 4.0.0
  resolution: "strip-json-comments@npm:4.0.0"
  checksum: 26bd0fbedd631d673dc5382163efd39cffdff0b7fcaf61e522a1c6d976968811eff6b2d3a3d5fec1d7563efac516f45ced1352df1ab2cf4991cc93fcfb94d05a
  languageName: node
  linkType: hard

"strip-json-comments@npm:~2.0.1":
  version: 2.0.1
  resolution: "strip-json-comments@npm:2.0.1"
  checksum: 1074ccb63270d32ca28edfb0a281c96b94dc679077828135141f27d52a5a398ef5e78bcf22809d23cadc2b81dfbe345eb5fd8699b385c8b1128907dec4a7d1e1
  languageName: node
  linkType: hard

"typescript@npm:^4.5.4":
  version: 4.5.4
  resolution: "typescript@npm:4.5.4"
  bin:
    tsc: bin/tsc
    tsserver: bin/tsserver
  checksum: 59f3243f9cd6fe3161e6150ff6bf795fc843b4234a655dbd938a310515e0d61afd1ac942799e7415e4334255e41c2c49b7dd5d9fd38a17acd25a6779ca7e0961
  languageName: node
  linkType: hard

"typescript@patch:typescript@^4.5.4#~builtin<compat/typescript>":
  version: 4.5.4
  resolution: "typescript@patch:typescript@npm%3A4.5.4#~builtin<compat/typescript>::version=4.5.4&hash=493e53"
  bin:
    tsc: bin/tsc
    tsserver: bin/tsserver
  checksum: 2e488dde7d2c4a2fa2e79cf2470600f8ce81bc0563c276b72df8ff412d74456ae532ba824650ae936ce207440c79720ddcfaa25e3cb4477572b8534fa4e34d49
  languageName: node
  linkType: hard
